
Microsoft Visual Studio Solution File, Format Version 12.00
# Visual Studio 15
VisualStudioVersion = 15.0.27703.2047
MinimumVisualStudioVersion = 10.0.40219.1
Project("{FAE04EC0-301F-11D3-BF4B-00C04F79EFBC}") = "Rock.Library", "Rock.Library\Rock.Library.csproj", "{1B3B1756-617D-4DDD-8DF5-A6019C7E8E4B}"
EndProject
Project("{FAE04EC0-301F-11D3-BF4B-00C04F79EFBC}") = "Rock.Work", "Rock.Work\Rock.Work.csproj", "{A9053A7D-2290-4B9D-8FC2-DE686DFCE701}"
EndProject
Global
	GlobalSection(SolutionConfigurationPlatforms) = preSolution
		Debug|Any CPU = Debug|Any CPU
		Release|Any CPU = Release|Any CPU
	EndGlobalSection
	GlobalSection(ProjectConfigurationPlatforms) = postSolution
		{1B3B1756-617D-4DDD-8DF5-A6019C7E8E4B}.Debug|Any CPU.ActiveCfg = Debug|Any CPU
		{1B3B1756-617D-4DDD-8DF5-A6019C7E8E4B}.Debug|Any CPU.Build.0 = Debug|Any CPU
		{1B3B1756-617D-4DDD-8DF5-A6019C7E8E4B}.Release|Any CPU.ActiveCfg = Release|Any CPU
		{1B3B1756-617D-4DDD-8DF5-A6019C7E8E4B}.Release|Any CPU.Build.0 = Release|Any CPU
		{A9053A7D-2290-4B9D-8FC2-DE686DFCE701}.Debug|Any CPU.ActiveCfg = Debug|Any CPU
		{A9053A7D-2290-4B9D-8FC2-DE686DFCE701}.Debug|Any CPU.Build.0 = Debug|Any CPU
		{A9053A7D-2290-4B9D-8FC2-DE686DFCE701}.Release|Any CPU.ActiveCfg = Release|Any CPU
		{A9053A7D-2290-4B9D-8FC2-DE686DFCE701}.Release|Any CPU.Build.0 = Release|Any CPU
	EndGlobalSection
	GlobalSection(SolutionProperties) = preSolution
		HideSolutionNode = FALSE
	EndGlobalSection
	GlobalSection(ExtensibilityGlobals) = postSolution
		SolutionGuid = {19DEE558-408A-447F-80CB-A4E6BDBE6B48}
	EndGlobalSection
EndGlobal
